{
  "nodes": {
    "nixpkgs": {
      "locked": {
        "lastModified": 1767406925,
        "narHash": "sha256-7w1gVIVwwG/j8SxuffmXNyJPcUEpCDt1C5wazVTnWJQ=",
        "owner": "NixOS",
        "repo": "nixpkgs",
        "rev": "145b67bd0bd4e075f981c1c2b81155d9e2982de2",
        "type": "github"
      },
      "original": {
        "owner": "NixOS",
        "repo": "nixpkgs",
        "rev": "145b67bd0bd4e075f981c1c2b81155d9e2982de2",
        "type": "github"
      }
    },
    "root": {
      "inputs": {
        "nixpkgs": "nixpkgs"
      }
    }
  },
  "root": "root",
  "version": 7
}
